// !$*UTF8*$!
{
	archiveVersion = 1;
	classes = {
	};
	objectVersion = 77;
	objects = {

/* Begin PBXContainerItemProxy section */
		879AF2C42D6F818600ECEFD2 /* PBXContainerItemProxy */ = {
			isa = PBXContainerItemProxy;
			containerPortal = 879AF2AB2D6F818500ECEFD2 /* Project object */;
			proxyType = 1;
			remoteGlobalIDString = 879AF2B22D6F818500ECEFD2;
			remoteInfo = "Swift Learning";
		};
		879AF2CE2D6F818600ECEFD2 /* PBXContainerItemProxy */ = {
			isa = PBXContainerItemProxy;
			containerPortal = 879AF2AB2D6F818500ECEFD2 /* Project object */;
			proxyType = 1;
			remoteGlobalIDString = 879AF2B22D6F818500ECEFD2;
			remoteInfo = "Swift Learning";
		};
/* End PBXContainerItemProxy section */

/* Begin PBXFileReference section */
		879AF2B32D6F818500ECEFD2 /* Swift Learning.app */ = {isa = PBXFileReference; explicitFileType = wrapper.application; includeInIndex = 0; path = "Swift Learning.app"; sourceTree = BUILT_PRODUCTS_DIR; };
		879AF2C32D6F818600ECEFD2 /* Swift LearningTests.xctest */ = {isa = PBXFileReference; explicitFileType = wrapper.cfbundle; includeInIndex = 0; path = "Swift LearningTests.xctest"; sourceTree = BUILT_PRODUCTS_DIR; };
		879AF2CD2D6F818600ECEFD2 /* Swift LearningUITests.xctest */ = {isa = PBXFileReference; explicitFileType = wrapper.cfbundle; includeInIndex = 0; path = "Swift LearningUITests.xctest"; sourceTree = BUILT_PRODUCTS_DIR; };
/* End PBXFileReference section */

/* Begin PBXFileSystemSynchronizedRootGroup section */
		879AF2B52D6F818500ECEFD2 /* Swift Learning */ = {
			isa = PBXFileSystemSynchronizedRootGroup;
			path = "Swift Learning";
			sourceTree = "<group>";
		};
		879AF2C62D6F818600ECEFD2 /* Swift LearningTests */ = {
			isa = PBXFileSystemSynchronizedRootGroup;
			path = "Swift LearningTests";
			sourceTree = "<group>";
		};
		879AF2D02D6F818600ECEFD2 /* Swift LearningUITests */ = {
			isa = PBXFileSystemSynchronizedRootGroup;
			path = "Swift LearningUITests";
			sourceTree = "<group>";
		};
/* End PBXFileSystemSynchronizedRootGroup section */

/* Begin PBXFrameworksBuildPhase section */
		879AF2B02D6F818500ECEFD2 /* Frameworks */ = {
			isa = PBXFrameworksBuildPhase;
			buildActionMask = 2147483647;
			files = (
			);
			runOnlyForDeploymentPostprocessing = 0;
		};
		879AF2C02D6F818600ECEFD2 /* Frameworks */ = {
			isa = PBXFrameworksBuildPhase;
			buildActionMask = 2147483647;
			files = (
			);
			runOnlyForDeploymentPostprocessing = 0;
		};
		879AF2CA2D6F818600ECEFD2 /* Frameworks */ = {
			isa = PBXFrameworksBuildPhase;
			buildActionMask = 2147483647;
			files = (
			);
			runOnlyForDeploymentPostprocessing = 0;
		};
/* End PBXFrameworksBuildPhase section */

/* Begin PBXGroup section */
		879AF2AA2D6F818400ECEFD2 = {
			isa = PBXGroup;
			children = (
				879AF2B52D6F818500ECEFD2 /* Swift Learning */,
				879AF2C62D6F818600ECEFD2 /* Swift LearningTests */,
				879AF2D02D6F818600ECEFD2 /* Swift LearningUITests */,
				879AF2B42D6F818500ECEFD2 /* Products */,
			);
			sourceTree = "<group>";
		};
		879AF2B42D6F818500ECEFD2 /* Products */ = {
			isa = PBXGroup;
			children = (
				879AF2B32D6F818500ECEFD2 /* Swift Learning.app */,
				879AF2C32D6F818600ECEFD2 /* Swift LearningTests.xctest */,
				879AF2CD2D6F818600ECEFD2 /* Swift LearningUITests.xctest */,
			);
			name = Products;
			sourceTree = "<group>";
		};
/* End PBXGroup section */

/* Begin PBXNativeTarget section */
		879AF2B22D6F818500ECEFD2 /* Swift Learning */ = {
			isa = PBXNativeTarget;
			buildConfigurationList = 879AF2D72D6F818600ECEFD2 /* Build configuration list for PBXNativeTarget "Swift Learning" */;
			buildPhases = (
				879AF2AF2D6F818500ECEFD2 /* Sources */,
				879AF2B02D6F818500ECEFD2 /* Frameworks */,
				879AF2B12D6F818500ECEFD2 /* Resources */,
			);
			buildRules = (
			);
			dependencies = (
			);
			fileSystemSynchronizedGroups = (
				879AF2B52D6F818500ECEFD2 /* Swift Learning */,
			);
			name = "Swift Learning";
			packageProductDependencies = (
			);
			productName = "Swift Learning";
			productReference = 879AF2B32D6F818500ECEFD2 /* Swift Learning.app */;
			productType = "com.apple.product-type.application";
		};
		879AF2C22D6F818600ECEFD2 /* Swift LearningTests */ = {
			isa = PBXNativeTarget;
			buildConfigurationList = 879AF2DA2D6F818600ECEFD2 /* Build configuration list for PBXNativeTarget "Swift LearningTests" */;
			buildPhases = (
				879AF2BF2D6F818600ECEFD2 /* Sources */,
				879AF2C02D6F818600ECEFD2 /* Frameworks */,
				879AF2C12D6F818600ECEFD2 /* Resources */,
			);
			buildRules = (
			);
			dependencies = (
				879AF2C52D6F818600ECEFD2 /* PBXTargetDependency */,
			);
			fileSystemSynchronizedGroups = (
				879AF2C62D6F818600ECEFD2 /* Swift LearningTests */,
			);
			name = "Swift LearningTests";
			packageProductDependencies = (
			);
			productName = "Swift LearningTests";
			productReference = 879AF2C32D6F818600ECEFD2 /* Swift LearningTests.xctest */;
			productType = "com.apple.product-type.bundle.unit-test";
		};
		879AF2CC2D6F818600ECEFD2 /* Swift LearningUITests */ = {
			isa = PBXNativeTarget;
			buildConfigurationList = 879AF2DD2D6F818600ECEFD2 /* Build configuration list for PBXNativeTarget "Swift LearningUITests" */;
			buildPhases = (
				879AF2C92D6F818600ECEFD2 /* Sources */,
				879AF2CA2D6F818600ECEFD2 /* Frameworks */,
				879AF2CB2D6F818600ECEFD2 /* Resources */,
			);
			buildRules = (
			);
			dependencies = (
				879AF2CF2D6F818600ECEFD2 /* PBXTargetDependency */,
			);
			fileSystemSynchronizedGroups = (
				879AF2D02D6F818600ECEFD2 /* Swift LearningUITests */,
			);
			name = "Swift LearningUITests";
			packageProductDependencies = (
			);
			productName = "Swift LearningUITests";
			productReference = 879AF2CD2D6F818600ECEFD2 /* Swift LearningUITests.xctest */;
			productType = "com.apple.product-type.bundle.ui-testing";
		};
/* End PBXNativeTarget section */

/* Begin PBXProject section */
		879AF2AB2D6F818500ECEFD2 /* Project object */ = {
			isa = PBXProject;
			attributes = {
				BuildIndependentTargetsInParallel = 1;
				LastSwiftUpdateCheck = 1620;
				LastUpgradeCheck = 1620;
				TargetAttributes = {
					879AF2B22D6F818500ECEFD2 = {
						CreatedOnToolsVersion = 16.2;
					};
					879AF2C22D6F818600ECEFD2 = {
						CreatedOnToolsVersion = 16.2;
						TestTargetID = 879AF2B22D6F818500ECEFD2;
					};
					879AF2CC2D6F818600ECEFD2 = {
						CreatedOnToolsVersion = 16.2;
						TestTargetID = 879AF2B22D6F818500ECEFD2;
					};
				};
			};
			buildConfigurationList = 879AF2AE2D6F818500ECEFD2 /* Build configuration list for PBXProject "Swift Learning" */;
			developmentRegion = en;
			hasScannedForEncodings = 0;
			knownRegions = (
				en,
				Base,
			);
			mainGroup = 879AF2AA2D6F818400ECEFD2;
			minimizedProjectReferenceProxies = 1;
			preferredProjectObjectVersion = 77;
			productRefGroup = 879AF2B42D6F818500ECEFD2 /* Products */;
			projectDirPath = "";
			projectRoot = "";
			targets = (
				879AF2B22D6F818500ECEFD2 /* Swift Learning */,
				879AF2C22D6F818600ECEFD2 /* Swift LearningTests */,
				879AF2CC2D6F818600ECEFD2 /* Swift LearningUITests */,
			);
		};
/* End PBXProject section */

/* Begin PBXResourcesBuildPhase section */
		879AF2B12D6F818500ECEFD2 /* Resources */ = {
			isa = PBXResourcesBuildPhase;
			buildActionMask = 2147483647;
			files = (
			);
			runOnlyForDeploymentPostprocessing = 0;
		};
		879AF2C12D6F818600ECEFD2 /* Resources */ = {
			isa = PBXResourcesBuildPhase;
			buildActionMask = 2147483647;
			files = (
			);
			runOnlyForDeploymentPostprocessing = 0;
		};
		879AF2CB2D6F818600ECEFD2 /* Resources */ = {
			isa = PBXResourcesBuildPhase;
			buildActionMask = 2147483647;
			files = (
			);
			runOnlyForDeploymentPostprocessing = 0;
		};
/* End PBXResourcesBuildPhase section */

/* Begin PBXSourcesBuildPhase section */
		879AF2AF2D6F818500ECEFD2 /* Sources */ = {
			isa = PBXSourcesBuildPhase;
			buildActionMask = 2147483647;
			files = (
			);
			runOnlyForDeploymentPostprocessing = 0;
		};
		879AF2BF2D6F818600ECEFD2 /* Sources */ = {
			isa = PBXSourcesBuildPhase;
			buildActionMask = 2147483647;
			files = (
			);
			runOnlyForDeploymentPostprocessing = 0;
		};
		879AF2C92D6F818600ECEFD2 /* Sources */ = {
			isa = PBXSourcesBuildPhase;
			buildActionMask = 2147483647;
			files = (
			);
			runOnlyForDeploymentPostprocessing = 0;
		};
/* End PBXSourcesBuildPhase section */

/* Begin PBXTargetDependency section */
		879AF2C52D6F818600ECEFD2 /* PBXTargetDependency */ = {
			isa = PBXTargetDependency;
			target = 879AF2B22D6F818500ECEFD2 /* Swift Learning */;
			targetProxy = 879AF2C42D6F818600ECEFD2 /* PBXContainerItemProxy */;
		};
		879AF2CF2D6F818600ECEFD2 /* PBXTargetDependency */ = {
			isa = PBXTargetDependency;
			target = 879AF2B22D6F818500ECEFD2 /* Swift Learning */;
			targetProxy = 879AF2CE2D6F818600ECEFD2 /* PBXContainerItemProxy */;
		};
/* End PBXTargetDependency section */

/* Begin XCBuildConfiguration section */
		879AF2D52D6F818600ECEFD2 /* Debug */ = {
			isa = XCBuildConfiguration;
			buildSettings = {
				ALWAYS_SEARCH_USER_PATHS = NO;
				ASSETCATALOG_COMPILER_GENERATE_SWIFT_ASSET_SYMBOL_EXTENSIONS = YES;
				CLANG_ANALYZER_NONNULL = YES;
				CLANG_ANALYZER_NUMBER_OBJECT_CONVERSION = YES_AGGRESSIVE;
				CLANG_CXX_LANGUAGE_STANDARD = "gnu++20";
				CLANG_ENABLE_MODULES = YES;
				CLANG_ENABLE_OBJC_ARC = YES;
				CLANG_ENABLE_OBJC_WEAK = YES;
				CLANG_WARN_BLOCK_CAPTURE_AUTORELEASING = YES;
				CLANG_WARN_BOOL_CONVERSION = YES;
				CLANG_WARN_COMMA = YES;
				CLANG_WARN_CONSTANT_CONVERSION = YES;
				CLANG_WARN_DEPRECATED_OBJC_IMPLEMENTATIONS = YES;
				CLANG_WARN_DIRECT_OBJC_ISA_USAGE = YES_ERROR;
				CLANG_WARN_DOCUMENTATION_COMMENTS = YES;
				CLANG_WARN_EMPTY_BODY = YES;
				CLANG_WARN_ENUM_CONVERSION = YES;
				CLANG_WARN_INFINITE_RECURSION = YES;
				CLANG_WARN_INT_CONVERSION = YES;
				CLANG_WARN_NON_LITERAL_NULL_CONVERSION = YES;
				CLANG_WARN_OBJC_IMPLICIT_RETAIN_SELF = YES;
				CLANG_WARN_OBJC_LITERAL_CONVERSION = YES;
				CLANG_WARN_OBJC_ROOT_CLASS = YES_ERROR;
				CLANG_WARN_QUOTED_INCLUDE_IN_FRAMEWORK_HEADER = YES;
				CLANG_WARN_RANGE_LOOP_ANALYSIS = YES;
				CLANG_WARN_STRICT_PROTOTYPES = YES;
				CLANG_WARN_SUSPICIOUS_MOVE = YES;
				CLANG_WARN_UNGUARDED_AVAILABILITY = YES_AGGRESSIVE;
				CLANG_WARN_UNREACHABLE_CODE = YES;
				CLANG_WARN__DUPLICATE_METHOD_MATCH = YES;
				COPY_PHASE_STRIP = NO;
				DEBUG_INFORMATION_FORMAT = dwarf;
				ENABLE_STRICT_OBJC_MSGSEND = YES;
				ENABLE_TESTABILITY = YES;
				ENABLE_USER_SCRIPT_SANDBOXING = YES;
				GCC_C_LANGUAGE_STANDARD = gnu17;
				GCC_DYNAMIC_NO_PIC = NO;
				GCC_NO_COMMON_BLOCKS = YES;
				GCC_OPTIMIZATION_LEVEL = 0;
				GCC_PREPROCESSOR_DEFINITIONS = (
					"DEBUG=1",
					"$(inherited)",
				);
				GCC_WARN_64_TO_32_BIT_CONVERSION = YES;
				GCC_WARN_ABOUT_RETURN_TYPE = YES_ERROR;
				GCC_WARN_UNDECLARED_SELECTOR = YES;
				GCC_WARN_UNINITIALIZED_AUTOS = YES_AGGRESSIVE;
				GCC_WARN_UNUSED_FUNCTION = YES;
				GCC_WARN_UNUSED_VARIABLE = YES;
				IPHONEOS_DEPLOYMENT_TARGET = 18.2;
				LOCALIZATION_PREFERS_STRING_CATALOGS = YES;
				MTL_ENABLE_DEBUG_INFO = INCLUDE_SOURCE;
				MTL_FAST_MATH = YES;
				ONLY_ACTIVE_ARCH = YES;
				SDKROOT = iphoneos;
				SWIFT_ACTIVE_COMPILATION_CONDITIONS = "DEBUG $(inherited)";
				SWIFT_OPTIMIZATION_LEVEL = "-Onone";
			};
			name = Debug;
		};
		879AF2D62D6F818600ECEFD2 /* Release */ = {
			isa = XCBuildConfiguration;
			buildSettings = {
				ALWAYS_SEARCH_USER_PATHS = NO;
				ASSETCATALOG_COMPILER_GENERATE_SWIFT_ASSET_SYMBOL_EXTENSIONS = YES;
				CLANG_ANALYZER_NONNULL = YES;
				CLANG_ANALYZER_NUMBER_OBJECT_CONVERSION = YES_AGGRESSIVE;
				CLANG_CXX_LANGUAGE_STANDARD = "gnu++20";
				CLANG_ENABLE_MODULES = YES;
				CLANG_ENABLE_OBJC_ARC = YES;
				CLANG_ENABLE_OBJC_WEAK = YES;
				CLANG_WARN_BLOCK_CAPTURE_AUTORELEASING = YES;
				CLANG_WARN_BOOL_CONVERSION = YES;
				CLANG_WARN_COMMA = YES;
				CLANG_WARN_CONSTANT_CONVERSION = YES;
				CLANG_WARN_DEPRECATED_OBJC_IMPLEMENTATIONS = YES;
				CLANG_WARN_DIRECT_OBJC_ISA_USAGE = YES_ERROR;
				CLANG_WARN_DOCUMENTATION_COMMENTS = YES;
				CLANG_WARN_EMPTY_BODY = YES;
				CLANG_WARN_ENUM_CONVERSION = YES;
				CLANG_WARN_INFINITE_RECURSION = YES;
				CLANG_WARN_INT_CONVERSION = YES;
				CLANG_WARN_NON_LITERAL_NULL_CONVERSION = YES;
				CLANG_WARN_OBJC_IMPLICIT_RETAIN_SELF = YES;
				CLANG_WARN_OBJC_LITERAL_CONVERSION = YES;
				CLANG_WARN_OBJC_ROOT_CLASS = YES_ERROR;
				CLANG_WARN_QUOTED_INCLUDE_IN_FRAMEWORK_HEADER = YES;
				CLANG_WARN_RANGE_LOOP_ANALYSIS = YES;
				CLANG_WARN_STRICT_PROTOTYPES = YES;
				CLANG_WARN_SUSPICIOUS_MOVE = YES;
				CLANG_WARN_UNGUARDED_AVAILABILITY = YES_AGGRESSIVE;
				CLANG_WARN_UNREACHABLE_CODE = YES;
				CLANG_WARN__DUPLICATE_METHOD_MATCH = YES;
				COPY_PHASE_STRIP = NO;
				DEBUG_INFORMATION_FORMAT = "dwarf-with-dsym";
				ENABLE_NS_ASSERTIONS = NO;
				ENABLE_STRICT_OBJC_MSGSEND = YES;
				ENABLE_USER_SCRIPT_SANDBOXING = YES;
				GCC_C_LANGUAGE_STANDARD = gnu17;
				GCC_NO_COMMON_BLOCKS = YES;
				GCC_WARN_64_TO_32_BIT_CONVERSION = YES;
				GCC_WARN_ABOUT_RETURN_TYPE = YES_ERROR;
				GCC_WARN_UNDECLARED_SELECTOR = YES;
				GCC_WARN_UNINITIALIZED_AUTOS = YES_AGGRESSIVE;
				GCC_WARN_UNUSED_FUNCTION = YES;
				GCC_WARN_UNUSED_VARIABLE = YES;
				IPHONEOS_DEPLOYMENT_TARGET = 18.2;
				LOCALIZATION_PREFERS_STRING_CATALOGS = YES;
				MTL_ENABLE_DEBUG_INFO = NO;
				MTL_FAST_MATH = YES;
				SDKROOT = iphoneos;
				SWIFT_COMPILATION_MODE = wholemodule;
				VALIDATE_PRODUCT = YES;
			};
			name = Release;
		};
		879AF2D82D6F818600ECEFD2 /* Debug */ = {
			isa = XCBuildConfiguration;
			buildSettings = {
				ASSETCATALOG_COMPILER_APPICON_NAME = AppIcon;
				ASSETCATALOG_COMPILER_GLOBAL_ACCENT_COLOR_NAME = AccentColor;
				CODE_SIGN_STYLE = Automatic;
				CURRENT_PROJECT_VERSION = 1;
				DEVELOPMENT_ASSET_PATHS = "\"Swift Learning/Preview Content\"";
				ENABLE_PREVIEWS = YES;
				GENERATE_INFOPLIST_FILE = YES;
				INFOPLIST_KEY_NSCameraUsageDescription = "";
				INFOPLIST_KEY_UIApplicationSupportsIndirectInputEvents = YES;
				INFOPLIST_KEY_UILaunchScreen_Generation = YES;
				INFOPLIST_KEY_UIRequiredDeviceCapabilities = arkit;
				INFOPLIST_KEY_UIStatusBarHidden = YES;
				INFOPLIST_KEY_UISupportedInterfaceOrientations_iPad = "UIInterfaceOrientationPortrait UIInterfaceOrientationPortraitUpsideDown UIInterfaceOrientationLandscapeLeft UIInterfaceOrientationLandscapeRight";
				INFOPLIST_KEY_UISupportedInterfaceOrientations_iPhone = "UIInterfaceOrientationPortrait UIInterfaceOrientationLandscapeLeft UIInterfaceOrientationLandscapeRight";
				LD_RUNPATH_SEARCH_PATHS = (
					"$(inherited)",
					"@executable_path/Frameworks",
				);
				MARKETING_VERSION = 1.0;
				PRODUCT_BUNDLE_IDENTIFIER = "edu.slu.Swift-Learning";
				PRODUCT_NAME = "$(TARGET_NAME)";
				SWIFT_EMIT_LOC_STRINGS = YES;
				SWIFT_VERSION = 5.0;
				TARGETED_DEVICE_FAMILY = "1,2";
			};
			name = Debug;
		};
		879AF2D92D6F818600ECEFD2 /* Release */ = {
			isa = XCBuildConfiguration;
			buildSettings = {
				ASSETCATALOG_COMPILER_APPICON_NAME = AppIcon;
				ASSETCATALOG_COMPILER_GLOBAL_ACCENT_COLOR_NAME = AccentColor;
				CODE_SIGN_STYLE = Automatic;
				CURRENT_PROJECT_VERSION = 1;
				DEVELOPMENT_ASSET_PATHS = "\"Swift Learning/Preview Content\"";
				ENABLE_PREVIEWS = YES;
				GENERATE_INFOPLIST_FILE = YES;
				INFOPLIST_KEY_NSCameraUsageDescription = "";
				INFOPLIST_KEY_UIApplicationSupportsIndirectInputEvents = YES;
				INFOPLIST_KEY_UILaunchScreen_Generation = YES;
				INFOPLIST_KEY_UIRequiredDeviceCapabilities = arkit;
				INFOPLIST_KEY_UIStatusBarHidden = YES;
				INFOPLIST_KEY_UISupportedInterfaceOrientations_iPad = "UIInterfaceOrientationPortrait UIInterfaceOrientationPortraitUpsideDown UIInterfaceOrientationLandscapeLeft UIInterfaceOrientationLandscapeRight";
				INFOPLIST_KEY_UISupportedInterfaceOrientations_iPhone = "UIInterfaceOrientationPortrait UIInterfaceOrientationLandscapeLeft UIInterfaceOrientationLandscapeRight";
				LD_RUNPATH_SEARCH_PATHS = (
					"$(inherited)",
					"@executable_path/Frameworks",
				);
				MARKETING_VERSION = 1.0;
				PRODUCT_BUNDLE_IDENTIFIER = "edu.slu.Swift-Learning";
				PRODUCT_NAME = "$(TARGET_NAME)";
				SWIFT_EMIT_LOC_STRINGS = YES;
				SWIFT_VERSION = 5.0;
				TARGETED_DEVICE_FAMILY = "1,2";
			};
			name = Release;
		};
		879AF2DB2D6F818600ECEFD2 /* Debug */ = {
			isa = XCBuildConfiguration;
			buildSettings = {
				BUNDLE_LOADER = "$(TEST_HOST)";
				CODE_SIGN_STYLE = Automatic;
				CURRENT_PROJECT_VERSION = 1;
				GENERATE_INFOPLIST_FILE = YES;
				IPHONEOS_DEPLOYMENT_TARGET = 18.2;
				MARKETING_VERSION = 1.0;
				PRODUCT_BUNDLE_IDENTIFIER = "edu.slu.Swift-LearningTests";
				PRODUCT_NAME = "$(TARGET_NAME)";
				SWIFT_EMIT_LOC_STRINGS = NO;
				SWIFT_VERSION = 5.0;
				TARGETED_DEVICE_FAMILY = "1,2";
				TEST_HOST = "$(BUILT_PRODUCTS_DIR)/Swift Learning.app/$(BUNDLE_EXECUTABLE_FOLDER_PATH)/Swift Learning";
			};
			name = Debug;
		};
		879AF2DC2D6F818600ECEFD2 /* Release */ = {
			isa = XCBuildConfiguration;
			buildSettings = {
				BUNDLE_LOADER = "$(TEST_HOST)";
				CODE_SIGN_STYLE = Automatic;
				CURRENT_PROJECT_VERSION = 1;
				GENERATE_INFOPLIST_FILE = YES;
				IPHONEOS_DEPLOYMENT_TARGET = 18.2;
				MARKETING_VERSION = 1.0;
				PRODUCT_BUNDLE_IDENTIFIER = "edu.slu.Swift-LearningTests";
				PRODUCT_NAME = "$(TARGET_NAME)";
				SWIFT_EMIT_LOC_STRINGS = NO;
				SWIFT_VERSION = 5.0;
				TARGETED_DEVICE_FAMILY = "1,2";
				TEST_HOST = "$(BUILT_PRODUCTS_DIR)/Swift Learning.app/$(BUNDLE_EXECUTABLE_FOLDER_PATH)/Swift Learning";
			};
			name = Release;
		};
		879AF2DE2D6F818600ECEFD2 /* Debug */ = {
			isa = XCBuildConfiguration;
			buildSettings = {
				CODE_SIGN_STYLE = Automatic;
				CURRENT_PROJECT_VERSION = 1;
				GENERATE_INFOPLIST_FILE = YES;
				MARKETING_VERSION = 1.0;
				PRODUCT_BUNDLE_IDENTIFIER = "edu.slu.Swift-LearningUITests";
				PRODUCT_NAME = "$(TARGET_NAME)";
				SWIFT_EMIT_LOC_STRINGS = NO;
				SWIFT_VERSION = 5.0;
				TARGETED_DEVICE_FAMILY = "1,2";
				TEST_TARGET_NAME = "Swift Learning";
			};
			name = Debug;
		};
		879AF2DF2D6F818600ECEFD2 /* Release */ = {
			isa = XCBuildConfiguration;
			buildSettings = {
				CODE_SIGN_STYLE = Automatic;
				CURRENT_PROJECT_VERSION = 1;
				GENERATE_INFOPLIST_FILE = YES;
				MARKETING_VERSION = 1.0;
				PRODUCT_BUNDLE_IDENTIFIER = "edu.slu.Swift-LearningUITests";
				PRODUCT_NAME = "$(TARGET_NAME)";
				SWIFT_EMIT_LOC_STRINGS = NO;
				SWIFT_VERSION = 5.0;
				TARGETED_DEVICE_FAMILY = "1,2";
				TEST_TARGET_NAME = "Swift Learning";
			};
			name = Release;
		};
/* End XCBuildConfiguration section */

/* Begin XCConfigurationList section */
		879AF2AE2D6F818500ECEFD2 /* Build configuration list for PBXProject "Swift Learning" */ = {
			isa = XCConfigurationList;
			buildConfigurations = (
				879AF2D52D6F818600ECEFD2 /* Debug */,
				879AF2D62D6F818600ECEFD2 /* Release */,
			);
			defaultConfigurationIsVisible = 0;
			defaultConfigurationName = Release;
		};
		879AF2D72D6F818600ECEFD2 /* Build configuration list for PBXNativeTarget "Swift Learning" */ = {
			isa = XCConfigurationList;
			buildConfigurations = (
				879AF2D82D6F818600ECEFD2 /* Debug */,
				879AF2D92D6F818600ECEFD2 /* Release */,
			);
			defaultConfigurationIsVisible = 0;
			defaultConfigurationName = Release;
		};
		879AF2DA2D6F818600ECEFD2 /* Build configuration list for PBXNativeTarget "Swift LearningTests" */ = {
			isa = XCConfigurationList;
			buildConfigurations = (
				879AF2DB2D6F818600ECEFD2 /* Debug */,
				879AF2DC2D6F818600ECEFD2 /* Release */,
			);
			defaultConfigurationIsVisible = 0;
			defaultConfigurationName = Release;
		};
		879AF2DD2D6F818600ECEFD2 /* Build configuration list for PBXNativeTarget "Swift LearningUITests" */ = {
			isa = XCConfigurationList;
			buildConfigurations = (
				879AF2DE2D6F818600ECEFD2 /* Debug */,
				879AF2DF2D6F818600ECEFD2 /* Release */,
			);
			defaultConfigurationIsVisible = 0;
			defaultConfigurationName = Release;
		};
/* End XCConfigurationList section */
	};
	rootObject = 879AF2AB2D6F818500ECEFD2 /* Project object */;
}
